# This file is automatically @generated by Poetry and should not be changed by hand.

[[package]]
name = "py4j"
version = "0.10.9.3"
description = "Enables Python programs to dynamically access arbitrary Java objects"
category = "main"
optional = false
python-versions = "*"
files = [
    {file = "py4j-0.10.9.3-py2.py3-none-any.whl", hash = "sha256:04f5b06917c0c8a81ab34121dda09a2ba1f74e96d59203c821d5cb7d28c35363"},
    {file = "py4j-0.10.9.3.tar.gz", hash = "sha256:0d92844da4cb747155b9563c44fc322c9a1562b3ef0979ae692dbde732d784dd"},
]

[[package]]
name = "pyspark"
version = "3.2.1"
description = "Apache Spark Python API"
category = "main"
optional = false
python-versions = ">=3.6"
files = [
    {file = "pyspark-3.2.1.tar.gz", hash = "sha256:0b81359262ec6e9ac78c353344e7de026027d140c6def949ff0d80ab70f89a54"},
]

[package.dependencies]
py4j = "0.10.9.3"

[package.extras]
ml = ["numpy (>=1.7)"]
mllib = ["numpy (>=1.7)"]
pandas-on-spark = ["numpy (>=1.14)", "pandas (>=0.23.2)", "pyarrow (>=1.0.0)"]
sql = ["pandas (>=0.23.2)", "pyarrow (>=1.0.0)"]

[metadata]
lock-version = "2.0"
python-versions = "^3.7"
content-hash = "d3d5dda79b504eeb6f15a2a811d8f8f16af3164b94e38335136043fa1ca1a575"
